
Microsoft Visual Studio Solution File, Format Version 11.00
# Visual Studio 2010
Project("{FAE04EC0-301F-11D3-BF4B-00C04F79EFBC}") = "SevenDigital.Content.Ingestion.Spike.Domain", "src\SevenDigital.Content.Ingestion.Spike.Domain\SevenDigital.Content.Ingestion.Spike.Domain.csproj", "{7227BBA4-5A50-41CC-A096-C62ED5A5C3A3}"
EndProject
Project("{FAE04EC0-301F-11D3-BF4B-00C04F79EFBC}") = "SevenDigital.Content.Ingestion.Spike.Web", "src\SevenDigital.Content.Ingestion.Spike.Web\SevenDigital.Content.Ingestion.Spike.Web.csproj", "{CA30DECB-F69E-4665-A75C-03FA78C007B6}"
EndProject
Global
	GlobalSection(SolutionConfigurationPlatforms) = preSolution
		Debug|Any CPU = Debug|Any CPU
		Release|Any CPU = Release|Any CPU
	EndGlobalSection
	GlobalSection(ProjectConfigurationPlatforms) = postSolution
		{7227BBA4-5A50-41CC-A096-C62ED5A5C3A3}.Debug|Any CPU.ActiveCfg = Debug|Any CPU
		{7227BBA4-5A50-41CC-A096-C62ED5A5C3A3}.Debug|Any CPU.Build.0 = Debug|Any CPU
		{7227BBA4-5A50-41CC-A096-C62ED5A5C3A3}.Release|Any CPU.ActiveCfg = Release|Any CPU
		{7227BBA4-5A50-41CC-A096-C62ED5A5C3A3}.Release|Any CPU.Build.0 = Release|Any CPU
		{CA30DECB-F69E-4665-A75C-03FA78C007B6}.Debug|Any CPU.ActiveCfg = Debug|Any CPU
		{CA30DECB-F69E-4665-A75C-03FA78C007B6}.Debug|Any CPU.Build.0 = Debug|Any CPU
		{CA30DECB-F69E-4665-A75C-03FA78C007B6}.Release|Any CPU.ActiveCfg = Release|Any CPU
		{CA30DECB-F69E-4665-A75C-03FA78C007B6}.Release|Any CPU.Build.0 = Release|Any CPU
	EndGlobalSection
	GlobalSection(SolutionProperties) = preSolution
		HideSolutionNode = FALSE
	EndGlobalSection
EndGlobal
